
Microsoft Visual Studio Solution File, Format Version 12.00
# Visual Studio Version 16
VisualStudioVersion = 16.0.28803.202
MinimumVisualStudioVersion = 10.0.40219.1
Project("{9A19103F-16F7-4668-BE54-9A1E7A4F7556}") = "SproutMethod", "SproutMethod\SproutMethod.csproj", "{F82A3329-A06E-4E46-802E-B01BCAFCBCB6}"
EndProject
Project("{9A19103F-16F7-4668-BE54-9A1E7A4F7556}") = "SproutMethod.Tests", "SproutMethod.Tests\SproutMethod.Tests.csproj", "{8F3B03D7-CDFC-4443-871C-8396BDFFAE01}"
EndProject
Project("{FAE04EC0-301F-11D3-BF4B-00C04F79EFBC}") = "SproutClass", "SproutClass\SproutClass.csproj", "{D7D61FBA-67D2-4B81-AF90-97155CF1A067}"
EndProject
Project("{FAE04EC0-301F-11D3-BF4B-00C04F79EFBC}") = "SproutClass.Tests", "SproutClass.Tests\SproutClass.Tests.csproj", "{59ED4254-5F86-42D2-B237-5EBB1D08B29C}"
EndProject
Global
	GlobalSection(SolutionConfigurationPlatforms) = preSolution
		Debug|Any CPU = Debug|Any CPU
		Release|Any CPU = Release|Any CPU
	EndGlobalSection
	GlobalSection(ProjectConfigurationPlatforms) = postSolution
		{F82A3329-A06E-4E46-802E-B01BCAFCBCB6}.Debug|Any CPU.ActiveCfg = Debug|Any CPU
		{F82A3329-A06E-4E46-802E-B01BCAFCBCB6}.Debug|Any CPU.Build.0 = Debug|Any CPU
		{F82A3329-A06E-4E46-802E-B01BCAFCBCB6}.Release|Any CPU.ActiveCfg = Release|Any CPU
		{F82A3329-A06E-4E46-802E-B01BCAFCBCB6}.Release|Any CPU.Build.0 = Release|Any CPU
		{8F3B03D7-CDFC-4443-871C-8396BDFFAE01}.Debug|Any CPU.ActiveCfg = Debug|Any CPU
		{8F3B03D7-CDFC-4443-871C-8396BDFFAE01}.Debug|Any CPU.Build.0 = Debug|Any CPU
		{8F3B03D7-CDFC-4443-871C-8396BDFFAE01}.Release|Any CPU.ActiveCfg = Release|Any CPU
		{8F3B03D7-CDFC-4443-871C-8396BDFFAE01}.Release|Any CPU.Build.0 = Release|Any CPU
		{D7D61FBA-67D2-4B81-AF90-97155CF1A067}.Debug|Any CPU.ActiveCfg = Debug|Any CPU
		{D7D61FBA-67D2-4B81-AF90-97155CF1A067}.Debug|Any CPU.Build.0 = Debug|Any CPU
		{D7D61FBA-67D2-4B81-AF90-97155CF1A067}.Release|Any CPU.ActiveCfg = Release|Any CPU
		{D7D61FBA-67D2-4B81-AF90-97155CF1A067}.Release|Any CPU.Build.0 = Release|Any CPU
		{59ED4254-5F86-42D2-B237-5EBB1D08B29C}.Debug|Any CPU.ActiveCfg = Debug|Any CPU
		{59ED4254-5F86-42D2-B237-5EBB1D08B29C}.Debug|Any CPU.Build.0 = Debug|Any CPU
		{59ED4254-5F86-42D2-B237-5EBB1D08B29C}.Release|Any CPU.ActiveCfg = Release|Any CPU
		{59ED4254-5F86-42D2-B237-5EBB1D08B29C}.Release|Any CPU.Build.0 = Release|Any CPU
	EndGlobalSection
	GlobalSection(SolutionProperties) = preSolution
		HideSolutionNode = FALSE
	EndGlobalSection
	GlobalSection(ExtensibilityGlobals) = postSolution
		SolutionGuid = {97D98E13-8E22-4074-86AD-08F83AE8D68B}
	EndGlobalSection
EndGlobal
